// !$*UTF8*$!
{
	archiveVersion = 1;
	classes = {
	};
	objectVersion = 50;
	objects = {

/* Begin PBXBuildFile section */
		91674CFA24B870D7005490CB /* AppDelegate.swift in Sources */ = {isa = PBXBuildFile; fileRef = 91674CF924B870D7005490CB /* AppDelegate.swift */; };
		91674CFC24B870D7005490CB /* SceneDelegate.swift in Sources */ = {isa = PBXBuildFile; fileRef = 91674CFB24B870D7005490CB /* SceneDelegate.swift */; };
		91674CFE24B870D7005490CB /* ViewController.swift in Sources */ = {isa = PBXBuildFile; fileRef = 91674CFD24B870D7005490CB /* ViewController.swift */; };
		91674D0324B870D8005490CB /* Assets.xcassets in Resources */ = {isa = PBXBuildFile; fileRef = 91674D0224B870D8005490CB /* Assets.xcassets */; };
		91674D0624B870D8005490CB /* LaunchScreen.storyboard in Resources */ = {isa = PBXBuildFile; fileRef = 91674D0424B870D8005490CB /* LaunchScreen.storyboard */; };
		91674D0E24B870EF005490CB /* Coordinator.swift in Sources */ = {isa = PBXBuildFile; fileRef = 91674D0D24B870EF005490CB /* Coordinator.swift */; };
		9184F6AB24BEB7540037315F /* GreenScreenViewController.swift in Sources */ = {isa = PBXBuildFile; fileRef = 9184F6AA24BEB7540037315F /* GreenScreenViewController.swift */; };
		9184F6B024BEBBD60037315F /* AsyncDisplayKit.framework in Frameworks */ = {isa = PBXBuildFile; fileRef = 9184F6AF24BEBBD60037315F /* AsyncDisplayKit.framework */; };
		9184F6B524BEBF560037315F /* Router.swift in Sources */ = {isa = PBXBuildFile; fileRef = 9184F6B424BEBF560037315F /* Router.swift */; };
		9184F6B724BED5DA0037315F /* CoordinatorOutput.swift in Sources */ = {isa = PBXBuildFile; fileRef = 9184F6B624BED5DA0037315F /* CoordinatorOutput.swift */; };
		9184F6BB24BEFBF50037315F /* ScreenFactory.swift in Sources */ = {isa = PBXBuildFile; fileRef = 9184F6BA24BEFBF40037315F /* ScreenFactory.swift */; };
		9184F6BD24BEFC3D0037315F /* AppCoordinator.swift in Sources */ = {isa = PBXBuildFile; fileRef = 9184F6BC24BEFC3D0037315F /* AppCoordinator.swift */; };
		9184F6C124BEFC580037315F /* BlueScreen.swift in Sources */ = {isa = PBXBuildFile; fileRef = 9184F6C024BEFC580037315F /* BlueScreen.swift */; };
		9184F6C324BEFC660037315F /* GreenScreen.swift in Sources */ = {isa = PBXBuildFile; fileRef = 9184F6C224BEFC660037315F /* GreenScreen.swift */; };
		9184F6C524BEFC7C0037315F /* GreenScreenCoordinator.swift in Sources */ = {isa = PBXBuildFile; fileRef = 9184F6C424BEFC7C0037315F /* GreenScreenCoordinator.swift */; };
		9184F6C724BEFC910037315F /* BlueScreenCoordinator.swift in Sources */ = {isa = PBXBuildFile; fileRef = 9184F6C624BEFC910037315F /* BlueScreenCoordinator.swift */; };
		9184F6C924BEFCC60037315F /* BlueScreenNode.swift in Sources */ = {isa = PBXBuildFile; fileRef = 9184F6C824BEFCC60037315F /* BlueScreenNode.swift */; };
		9184F6CB24BEFCEA0037315F /* GreenScreenNode.swift in Sources */ = {isa = PBXBuildFile; fileRef = 9184F6CA24BEFCEA0037315F /* GreenScreenNode.swift */; };
		9184F6CD24BEFD070037315F /* PINScreen.swift in Sources */ = {isa = PBXBuildFile; fileRef = 9184F6CC24BEFD070037315F /* PINScreen.swift */; };
		91A0650724BF201A002BBC67 /* PINViewController.swift in Sources */ = {isa = PBXBuildFile; fileRef = 91A0650624BF201A002BBC67 /* PINViewController.swift */; };
		91A0650924BF203E002BBC67 /* MainPINNode.swift in Sources */ = {isa = PBXBuildFile; fileRef = 91A0650824BF203E002BBC67 /* MainPINNode.swift */; };
		91A0650B24BF2064002BBC67 /* BlueScreenViewController.swift in Sources */ = {isa = PBXBuildFile; fileRef = 91A0650A24BF2064002BBC67 /* BlueScreenViewController.swift */; };
		91D50D3324C548000098F06C /* ChildCoordinator.swift in Sources */ = {isa = PBXBuildFile; fileRef = 91D50D3224C548000098F06C /* ChildCoordinator.swift */; };
		91D50D3524C549440098F06C /* YellowScreenCoordinator.swift in Sources */ = {isa = PBXBuildFile; fileRef = 91D50D3424C549440098F06C /* YellowScreenCoordinator.swift */; };
		91D50D3724C54E630098F06C /* YellowScreenNode.swift in Sources */ = {isa = PBXBuildFile; fileRef = 91D50D3624C54E630098F06C /* YellowScreenNode.swift */; };
		91D50D3924C54E8C0098F06C /* YellowScreen.swift in Sources */ = {isa = PBXBuildFile; fileRef = 91D50D3824C54E8C0098F06C /* YellowScreen.swift */; };
		91D50D3B24C54EBC0098F06C /* YellowScreenViewController.swift in Sources */ = {isa = PBXBuildFile; fileRef = 91D50D3A24C54EBC0098F06C /* YellowScreenViewController.swift */; };
/* End PBXBuildFile section */

/* Begin PBXFileReference section */
		91674CF624B870D7005490CB /* CoordinatorPOC.app */ = {isa = PBXFileReference; explicitFileType = wrapper.application; includeInIndex = 0; path = CoordinatorPOC.app; sourceTree = BUILT_PRODUCTS_DIR; };
		91674CF924B870D7005490CB /* AppDelegate.swift */ = {isa = PBXFileReference; lastKnownFileType = sourcecode.swift; path = AppDelegate.swift; sourceTree = "<group>"; };
		91674CFB24B870D7005490CB /* SceneDelegate.swift */ = {isa = PBXFileReference; lastKnownFileType = sourcecode.swift; path = SceneDelegate.swift; sourceTree = "<group>"; };
		91674CFD24B870D7005490CB /* ViewController.swift */ = {isa = PBXFileReference; lastKnownFileType = sourcecode.swift; path = ViewController.swift; sourceTree = "<group>"; };
		91674D0224B870D8005490CB /* Assets.xcassets */ = {isa = PBXFileReference; lastKnownFileType = folder.assetcatalog; path = Assets.xcassets; sourceTree = "<group>"; };
		91674D0524B870D8005490CB /* Base */ = {isa = PBXFileReference; lastKnownFileType = file.storyboard; name = Base; path = Base.lproj/LaunchScreen.storyboard; sourceTree = "<group>"; };
		91674D0724B870D8005490CB /* Info.plist */ = {isa = PBXFileReference; lastKnownFileType = text.plist.xml; path = Info.plist; sourceTree = "<group>"; };
		91674D0D24B870EF005490CB /* Coordinator.swift */ = {isa = PBXFileReference; lastKnownFileType = sourcecode.swift; path = Coordinator.swift; sourceTree = "<group>"; };
		9184F6AA24BEB7540037315F /* GreenScreenViewController.swift */ = {isa = PBXFileReference; lastKnownFileType = sourcecode.swift; path = GreenScreenViewController.swift; sourceTree = "<group>"; };
		9184F6AF24BEBBD60037315F /* AsyncDisplayKit.framework */ = {isa = PBXFileReference; lastKnownFileType = wrapper.framework; name = AsyncDisplayKit.framework; path = Carthage/Build/iOS/AsyncDisplayKit.framework; sourceTree = "<group>"; };
		9184F6B424BEBF560037315F /* Router.swift */ = {isa = PBXFileReference; lastKnownFileType = sourcecode.swift; path = Router.swift; sourceTree = "<group>"; };
		9184F6B624BED5DA0037315F /* CoordinatorOutput.swift */ = {isa = PBXFileReference; lastKnownFileType = sourcecode.swift; path = CoordinatorOutput.swift; sourceTree = "<group>"; };
		9184F6BA24BEFBF40037315F /* ScreenFactory.swift */ = {isa = PBXFileReference; lastKnownFileType = sourcecode.swift; path = ScreenFactory.swift; sourceTree = "<group>"; };
		9184F6BC24BEFC3D0037315F /* AppCoordinator.swift */ = {isa = PBXFileReference; lastKnownFileType = sourcecode.swift; path = AppCoordinator.swift; sourceTree = "<group>"; };
		9184F6C024BEFC580037315F /* BlueScreen.swift */ = {isa = PBXFileReference; lastKnownFileType = sourcecode.swift; path = BlueScreen.swift; sourceTree = "<group>"; };
		9184F6C224BEFC660037315F /* GreenScreen.swift */ = {isa = PBXFileReference; lastKnownFileType = sourcecode.swift; path = GreenScreen.swift; sourceTree = "<group>"; };
		9184F6C424BEFC7C0037315F /* GreenScreenCoordinator.swift */ = {isa = PBXFileReference; lastKnownFileType = sourcecode.swift; path = GreenScreenCoordinator.swift; sourceTree = "<group>"; };
		9184F6C624BEFC910037315F /* BlueScreenCoordinator.swift */ = {isa = PBXFileReference; lastKnownFileType = sourcecode.swift; path = BlueScreenCoordinator.swift; sourceTree = "<group>"; };
		9184F6C824BEFCC60037315F /* BlueScreenNode.swift */ = {isa = PBXFileReference; lastKnownFileType = sourcecode.swift; path = BlueScreenNode.swift; sourceTree = "<group>"; };
		9184F6CA24BEFCEA0037315F /* GreenScreenNode.swift */ = {isa = PBXFileReference; lastKnownFileType = sourcecode.swift; path = GreenScreenNode.swift; sourceTree = "<group>"; };
		9184F6CC24BEFD070037315F /* PINScreen.swift */ = {isa = PBXFileReference; lastKnownFileType = sourcecode.swift; path = PINScreen.swift; sourceTree = "<group>"; };
		91A0650624BF201A002BBC67 /* PINViewController.swift */ = {isa = PBXFileReference; lastKnownFileType = sourcecode.swift; path = PINViewController.swift; sourceTree = "<group>"; };
		91A0650824BF203E002BBC67 /* MainPINNode.swift */ = {isa = PBXFileReference; lastKnownFileType = sourcecode.swift; path = MainPINNode.swift; sourceTree = "<group>"; };
		91A0650A24BF2064002BBC67 /* BlueScreenViewController.swift */ = {isa = PBXFileReference; lastKnownFileType = sourcecode.swift; path = BlueScreenViewController.swift; sourceTree = "<group>"; };
		91D50D3224C548000098F06C /* ChildCoordinator.swift */ = {isa = PBXFileReference; lastKnownFileType = sourcecode.swift; path = ChildCoordinator.swift; sourceTree = "<group>"; };
		91D50D3424C549440098F06C /* YellowScreenCoordinator.swift */ = {isa = PBXFileReference; lastKnownFileType = sourcecode.swift; path = YellowScreenCoordinator.swift; sourceTree = "<group>"; };
		91D50D3624C54E630098F06C /* YellowScreenNode.swift */ = {isa = PBXFileReference; lastKnownFileType = sourcecode.swift; path = YellowScreenNode.swift; sourceTree = "<group>"; };
		91D50D3824C54E8C0098F06C /* YellowScreen.swift */ = {isa = PBXFileReference; lastKnownFileType = sourcecode.swift; path = YellowScreen.swift; sourceTree = "<group>"; };
		91D50D3A24C54EBC0098F06C /* YellowScreenViewController.swift */ = {isa = PBXFileReference; lastKnownFileType = sourcecode.swift; path = YellowScreenViewController.swift; sourceTree = "<group>"; };
/* End PBXFileReference section */

/* Begin PBXFrameworksBuildPhase section */
		91674CF324B870D7005490CB /* Frameworks */ = {
			isa = PBXFrameworksBuildPhase;
			buildActionMask = 2147483647;
			files = (
				9184F6B024BEBBD60037315F /* AsyncDisplayKit.framework in Frameworks */,
			);
			runOnlyForDeploymentPostprocessing = 0;
		};
/* End PBXFrameworksBuildPhase section */

/* Begin PBXGroup section */
		91674CED24B870D6005490CB = {
			isa = PBXGroup;
			children = (
				91674CF824B870D7005490CB /* CoordinatorPOC */,
				91674CF724B870D7005490CB /* Products */,
				9184F6AE24BEBBD50037315F /* Frameworks */,
			);
			sourceTree = "<group>";
		};
		91674CF724B870D7005490CB /* Products */ = {
			isa = PBXGroup;
			children = (
				91674CF624B870D7005490CB /* CoordinatorPOC.app */,
			);
			name = Products;
			sourceTree = "<group>";
		};
		91674CF824B870D7005490CB /* CoordinatorPOC */ = {
			isa = PBXGroup;
			children = (
				91A0650524BF2005002BBC67 /* ViewControllers */,
				9184F6CE24BEFD3E0037315F /* Router */,
				9184F6BF24BEFC4D0037315F /* Screens */,
				9184F6BE24BEFC470037315F /* Views */,
				9184F6B924BEFBD30037315F /* Coordinators */,
				9184F6B824BEFBCD0037315F /* Protocols */,
				91674CF924B870D7005490CB /* AppDelegate.swift */,
				91674CFB24B870D7005490CB /* SceneDelegate.swift */,
				91674CFD24B870D7005490CB /* ViewController.swift */,
				91674D0224B870D8005490CB /* Assets.xcassets */,
				91674D0424B870D8005490CB /* LaunchScreen.storyboard */,
				91674D0724B870D8005490CB /* Info.plist */,
			);
			path = CoordinatorPOC;
			sourceTree = "<group>";
		};
		9184F6AE24BEBBD50037315F /* Frameworks */ = {
			isa = PBXGroup;
			children = (
				9184F6AF24BEBBD60037315F /* AsyncDisplayKit.framework */,
			);
			name = Frameworks;
			sourceTree = "<group>";
		};
		9184F6B824BEFBCD0037315F /* Protocols */ = {
			isa = PBXGroup;
			children = (
				9184F6B624BED5DA0037315F /* CoordinatorOutput.swift */,
				91674D0D24B870EF005490CB /* Coordinator.swift */,
				9184F6BA24BEFBF40037315F /* ScreenFactory.swift */,
				91D50D3224C548000098F06C /* ChildCoordinator.swift */,
			);
			path = Protocols;
			sourceTree = "<group>";
		};
		9184F6B924BEFBD30037315F /* Coordinators */ = {
			isa = PBXGroup;
			children = (
				9184F6BC24BEFC3D0037315F /* AppCoordinator.swift */,
				9184F6C424BEFC7C0037315F /* GreenScreenCoordinator.swift */,
				9184F6C624BEFC910037315F /* BlueScreenCoordinator.swift */,
				91D50D3424C549440098F06C /* YellowScreenCoordinator.swift */,
			);
			path = Coordinators;
			sourceTree = "<group>";
		};
		9184F6BE24BEFC470037315F /* Views */ = {
			isa = PBXGroup;
			children = (
				9184F6C824BEFCC60037315F /* BlueScreenNode.swift */,
				9184F6CA24BEFCEA0037315F /* GreenScreenNode.swift */,
				91A0650824BF203E002BBC67 /* MainPINNode.swift */,
				91D50D3624C54E630098F06C /* YellowScreenNode.swift */,
			);
			path = Views;
			sourceTree = "<group>";
		};
		9184F6BF24BEFC4D0037315F /* Screens */ = {
			isa = PBXGroup;
			children = (
				9184F6C024BEFC580037315F /* BlueScreen.swift */,
				9184F6C224BEFC660037315F /* GreenScreen.swift */,
				9184F6CC24BEFD070037315F /* PINScreen.swift */,
				91D50D3824C54E8C0098F06C /* YellowScreen.swift */,
			);
			path = Screens;
			sourceTree = "<group>";
		};
		9184F6CE24BEFD3E0037315F /* Router */ = {
			isa = PBXGroup;
			children = (
				9184F6B424BEBF560037315F /* Router.swift */,
			);
			path = Router;
			sourceTree = "<group>";
		};
		91A0650524BF2005002BBC67 /* ViewControllers */ = {
			isa = PBXGroup;
			children = (
				91A0650624BF201A002BBC67 /* PINViewController.swift */,
				91A0650A24BF2064002BBC67 /* BlueScreenViewController.swift */,
				9184F6AA24BEB7540037315F /* GreenScreenViewController.swift */,
				91D50D3A24C54EBC0098F06C /* YellowScreenViewController.swift */,
			);
			path = ViewControllers;
			sourceTree = "<group>";
		};
/* End PBXGroup section */

/* Begin PBXNativeTarget section */
		91674CF524B870D7005490CB /* CoordinatorPOC */ = {
			isa = PBXNativeTarget;
			buildConfigurationList = 91674D0A24B870D8005490CB /* Build configuration list for PBXNativeTarget "CoordinatorPOC" */;
			buildPhases = (
				91674CF224B870D7005490CB /* Sources */,
				91674CF324B870D7005490CB /* Frameworks */,
				91674CF424B870D7005490CB /* Resources */,
				9184F6AD24BEBBAF0037315F /* ShellScript */,
			);
			buildRules = (
			);
			dependencies = (
			);
			name = CoordinatorPOC;
			productName = CoordinatorPOC;
			productReference = 91674CF624B870D7005490CB /* CoordinatorPOC.app */;
			productType = "com.apple.product-type.application";
		};
/* End PBXNativeTarget section */

/* Begin PBXProject section */
		91674CEE24B870D6005490CB /* Project object */ = {
			isa = PBXProject;
			attributes = {
				LastSwiftUpdateCheck = 1130;
				LastUpgradeCheck = 1130;
				ORGANIZATIONNAME = "Kevin Yulias";
				TargetAttributes = {
					91674CF524B870D7005490CB = {
						CreatedOnToolsVersion = 11.3.1;
					};
				};
			};
			buildConfigurationList = 91674CF124B870D6005490CB /* Build configuration list for PBXProject "CoordinatorPOC" */;
			compatibilityVersion = "Xcode 9.3";
			developmentRegion = en;
			hasScannedForEncodings = 0;
			knownRegions = (
				en,
				Base,
			);
			mainGroup = 91674CED24B870D6005490CB;
			productRefGroup = 91674CF724B870D7005490CB /* Products */;
			projectDirPath = "";
			projectRoot = "";
			targets = (
				91674CF524B870D7005490CB /* CoordinatorPOC */,
			);
		};
/* End PBXProject section */

/* Begin PBXResourcesBuildPhase section */
		91674CF424B870D7005490CB /* Resources */ = {
			isa = PBXResourcesBuildPhase;
			buildActionMask = 2147483647;
			files = (
				91674D0624B870D8005490CB /* LaunchScreen.storyboard in Resources */,
				91674D0324B870D8005490CB /* Assets.xcassets in Resources */,
			);
			runOnlyForDeploymentPostprocessing = 0;
		};
/* End PBXResourcesBuildPhase section */

/* Begin PBXShellScriptBuildPhase section */
		9184F6AD24BEBBAF0037315F /* ShellScript */ = {
			isa = PBXShellScriptBuildPhase;
			buildActionMask = 2147483647;
			files = (
			);
			inputFileListPaths = (
			);
			inputPaths = (
				"$(SRCROOT)/Carthage/Build/iOS/AsyncDisplayKit.framework",
			);
			outputFileListPaths = (
			);
			outputPaths = (
			);
			runOnlyForDeploymentPostprocessing = 0;
			shellPath = /bin/sh;
			shellScript = "# Type a script or drag a script file from your workspace to insert its path.\n/usr/local/bin/carthage copy-frameworks\n";
		};
/* End PBXShellScriptBuildPhase section */

/* Begin PBXSourcesBuildPhase section */
		91674CF224B870D7005490CB /* Sources */ = {
			isa = PBXSourcesBuildPhase;
			buildActionMask = 2147483647;
			files = (
				9184F6C524BEFC7C0037315F /* GreenScreenCoordinator.swift in Sources */,
				9184F6CD24BEFD070037315F /* PINScreen.swift in Sources */,
				91674D0E24B870EF005490CB /* Coordinator.swift in Sources */,
				91674CFE24B870D7005490CB /* ViewController.swift in Sources */,
				91674CFA24B870D7005490CB /* AppDelegate.swift in Sources */,
				91D50D3724C54E630098F06C /* YellowScreenNode.swift in Sources */,
				9184F6B724BED5DA0037315F /* CoordinatorOutput.swift in Sources */,
				91674CFC24B870D7005490CB /* SceneDelegate.swift in Sources */,
				9184F6C324BEFC660037315F /* GreenScreen.swift in Sources */,
				9184F6B524BEBF560037315F /* Router.swift in Sources */,
				9184F6BD24BEFC3D0037315F /* AppCoordinator.swift in Sources */,
				91D50D3524C549440098F06C /* YellowScreenCoordinator.swift in Sources */,
				9184F6BB24BEFBF50037315F /* ScreenFactory.swift in Sources */,
				9184F6AB24BEB7540037315F /* GreenScreenViewController.swift in Sources */,
				91A0650924BF203E002BBC67 /* MainPINNode.swift in Sources */,
				91D50D3324C548000098F06C /* ChildCoordinator.swift in Sources */,
				9184F6C924BEFCC60037315F /* BlueScreenNode.swift in Sources */,
				91D50D3924C54E8C0098F06C /* YellowScreen.swift in Sources */,
				91A0650724BF201A002BBC67 /* PINViewController.swift in Sources */,
				9184F6C124BEFC580037315F /* BlueScreen.swift in Sources */,
				91D50D3B24C54EBC0098F06C /* YellowScreenViewController.swift in Sources */,
				9184F6CB24BEFCEA0037315F /* GreenScreenNode.swift in Sources */,
				9184F6C724BEFC910037315F /* BlueScreenCoordinator.swift in Sources */,
				91A0650B24BF2064002BBC67 /* BlueScreenViewController.swift in Sources */,
			);
			runOnlyForDeploymentPostprocessing = 0;
		};
/* End PBXSourcesBuildPhase section */

/* Begin PBXVariantGroup section */
		91674D0424B870D8005490CB /* LaunchScreen.storyboard */ = {
			isa = PBXVariantGroup;
			children = (
				91674D0524B870D8005490CB /* Base */,
			);
			name = LaunchScreen.storyboard;
			sourceTree = "<group>";
		};
/* End PBXVariantGroup section */

/* Begin XCBuildConfiguration section */
		91674D0824B870D8005490CB /* Debug */ = {
			isa = XCBuildConfiguration;
			buildSettings = {
				ALWAYS_SEARCH_USER_PATHS = NO;
				CLANG_ANALYZER_NONNULL = YES;
				CLANG_ANALYZER_NUMBER_OBJECT_CONVERSION = YES_AGGRESSIVE;
				CLANG_CXX_LANGUAGE_STANDARD = "gnu++14";
				CLANG_CXX_LIBRARY = "libc++";
				CLANG_ENABLE_MODULES = YES;
				CLANG_ENABLE_OBJC_ARC = YES;
				CLANG_ENABLE_OBJC_WEAK = YES;
				CLANG_WARN_BLOCK_CAPTURE_AUTORELEASING = YES;
				CLANG_WARN_BOOL_CONVERSION = YES;
				CLANG_WARN_COMMA = YES;
				CLANG_WARN_CONSTANT_CONVERSION = YES;
				CLANG_WARN_DEPRECATED_OBJC_IMPLEMENTATIONS = YES;
				CLANG_WARN_DIRECT_OBJC_ISA_USAGE = YES_ERROR;
				CLANG_WARN_DOCUMENTATION_COMMENTS = YES;
				CLANG_WARN_EMPTY_BODY = YES;
				CLANG_WARN_ENUM_CONVERSION = YES;
				CLANG_WARN_INFINITE_RECURSION = YES;
				CLANG_WARN_INT_CONVERSION = YES;
				CLANG_WARN_NON_LITERAL_NULL_CONVERSION = YES;
				CLANG_WARN_OBJC_IMPLICIT_RETAIN_SELF = YES;
				CLANG_WARN_OBJC_LITERAL_CONVERSION = YES;
				CLANG_WARN_OBJC_ROOT_CLASS = YES_ERROR;
				CLANG_WARN_RANGE_LOOP_ANALYSIS = YES;
				CLANG_WARN_STRICT_PROTOTYPES = YES;
				CLANG_WARN_SUSPICIOUS_MOVE = YES;
				CLANG_WARN_UNGUARDED_AVAILABILITY = YES_AGGRESSIVE;
				CLANG_WARN_UNREACHABLE_CODE = YES;
				CLANG_WARN__DUPLICATE_METHOD_MATCH = YES;
				COPY_PHASE_STRIP = NO;
				DEBUG_INFORMATION_FORMAT = dwarf;
				ENABLE_STRICT_OBJC_MSGSEND = YES;
				ENABLE_TESTABILITY = YES;
				GCC_C_LANGUAGE_STANDARD = gnu11;
				GCC_DYNAMIC_NO_PIC = NO;
				GCC_NO_COMMON_BLOCKS = YES;
				GCC_OPTIMIZATION_LEVEL = 0;
				GCC_PREPROCESSOR_DEFINITIONS = (
					"DEBUG=1",
					"$(inherited)",
				);
				GCC_WARN_64_TO_32_BIT_CONVERSION = YES;
				GCC_WARN_ABOUT_RETURN_TYPE = YES_ERROR;
				GCC_WARN_UNDECLARED_SELECTOR = YES;
				GCC_WARN_UNINITIALIZED_AUTOS = YES_AGGRESSIVE;
				GCC_WARN_UNUSED_FUNCTION = YES;
				GCC_WARN_UNUSED_VARIABLE = YES;
				IPHONEOS_DEPLOYMENT_TARGET = 13.2;
				MTL_ENABLE_DEBUG_INFO = INCLUDE_SOURCE;
				MTL_FAST_MATH = YES;
				ONLY_ACTIVE_ARCH = YES;
				SDKROOT = iphoneos;
				SWIFT_ACTIVE_COMPILATION_CONDITIONS = DEBUG;
				SWIFT_OPTIMIZATION_LEVEL = "-Onone";
			};
			name = Debug;
		};
		91674D0924B870D8005490CB /* Release */ = {
			isa = XCBuildConfiguration;
			buildSettings = {
				ALWAYS_SEARCH_USER_PATHS = NO;
				CLANG_ANALYZER_NONNULL = YES;
				CLANG_ANALYZER_NUMBER_OBJECT_CONVERSION = YES_AGGRESSIVE;
				CLANG_CXX_LANGUAGE_STANDARD = "gnu++14";
				CLANG_CXX_LIBRARY = "libc++";
				CLANG_ENABLE_MODULES = YES;
				CLANG_ENABLE_OBJC_ARC = YES;
				CLANG_ENABLE_OBJC_WEAK = YES;
				CLANG_WARN_BLOCK_CAPTURE_AUTORELEASING = YES;
				CLANG_WARN_BOOL_CONVERSION = YES;
				CLANG_WARN_COMMA = YES;
				CLANG_WARN_CONSTANT_CONVERSION = YES;
				CLANG_WARN_DEPRECATED_OBJC_IMPLEMENTATIONS = YES;
				CLANG_WARN_DIRECT_OBJC_ISA_USAGE = YES_ERROR;
				CLANG_WARN_DOCUMENTATION_COMMENTS = YES;
				CLANG_WARN_EMPTY_BODY = YES;
				CLANG_WARN_ENUM_CONVERSION = YES;
				CLANG_WARN_INFINITE_RECURSION = YES;
				CLANG_WARN_INT_CONVERSION = YES;
				CLANG_WARN_NON_LITERAL_NULL_CONVERSION = YES;
				CLANG_WARN_OBJC_IMPLICIT_RETAIN_SELF = YES;
				CLANG_WARN_OBJC_LITERAL_CONVERSION = YES;
				CLANG_WARN_OBJC_ROOT_CLASS = YES_ERROR;
				CLANG_WARN_RANGE_LOOP_ANALYSIS = YES;
				CLANG_WARN_STRICT_PROTOTYPES = YES;
				CLANG_WARN_SUSPICIOUS_MOVE = YES;
				CLANG_WARN_UNGUARDED_AVAILABILITY = YES_AGGRESSIVE;
				CLANG_WARN_UNREACHABLE_CODE = YES;
				CLANG_WARN__DUPLICATE_METHOD_MATCH = YES;
				COPY_PHASE_STRIP = NO;
				DEBUG_INFORMATION_FORMAT = "dwarf-with-dsym";
				ENABLE_NS_ASSERTIONS = NO;
				ENABLE_STRICT_OBJC_MSGSEND = YES;
				GCC_C_LANGUAGE_STANDARD = gnu11;
				GCC_NO_COMMON_BLOCKS = YES;
				GCC_WARN_64_TO_32_BIT_CONVERSION = YES;
				GCC_WARN_ABOUT_RETURN_TYPE = YES_ERROR;
				GCC_WARN_UNDECLARED_SELECTOR = YES;
				GCC_WARN_UNINITIALIZED_AUTOS = YES_AGGRESSIVE;
				GCC_WARN_UNUSED_FUNCTION = YES;
				GCC_WARN_UNUSED_VARIABLE = YES;
				IPHONEOS_DEPLOYMENT_TARGET = 13.2;
				MTL_ENABLE_DEBUG_INFO = NO;
				MTL_FAST_MATH = YES;
				SDKROOT = iphoneos;
				SWIFT_COMPILATION_MODE = wholemodule;
				SWIFT_OPTIMIZATION_LEVEL = "-O";
				VALIDATE_PRODUCT = YES;
			};
			name = Release;
		};
		91674D0B24B870D8005490CB /* Debug */ = {
			isa = XCBuildConfiguration;
			buildSettings = {
				ASSETCATALOG_COMPILER_APPICON_NAME = AppIcon;
				CODE_SIGN_STYLE = Automatic;
				DEVELOPMENT_TEAM = 6RX8S2YB4Y;
				FRAMEWORK_SEARCH_PATHS = (
					"$(inherited)",
					"$(PROJECT_DIR)/Carthage/Build/iOS",
				);
				INFOPLIST_FILE = CoordinatorPOC/Info.plist;
				LD_RUNPATH_SEARCH_PATHS = (
					"$(inherited)",
					"@executable_path/Frameworks",
				);
				PRODUCT_BUNDLE_IDENTIFIER = com.kevinyulias.CoordinatorPOC;
				PRODUCT_NAME = "$(TARGET_NAME)";
				SWIFT_VERSION = 5.0;
				TARGETED_DEVICE_FAMILY = "1,2";
			};
			name = Debug;
		};
		91674D0C24B870D8005490CB /* Release */ = {
			isa = XCBuildConfiguration;
			buildSettings = {
				ASSETCATALOG_COMPILER_APPICON_NAME = AppIcon;
				CODE_SIGN_STYLE = Automatic;
				DEVELOPMENT_TEAM = 6RX8S2YB4Y;
				FRAMEWORK_SEARCH_PATHS = (
					"$(inherited)",
					"$(PROJECT_DIR)/Carthage/Build/iOS",
				);
				INFOPLIST_FILE = CoordinatorPOC/Info.plist;
				LD_RUNPATH_SEARCH_PATHS = (
					"$(inherited)",
					"@executable_path/Frameworks",
				);
				PRODUCT_BUNDLE_IDENTIFIER = com.kevinyulias.CoordinatorPOC;
				PRODUCT_NAME = "$(TARGET_NAME)";
				SWIFT_VERSION = 5.0;
				TARGETED_DEVICE_FAMILY = "1,2";
			};
			name = Release;
		};
/* End XCBuildConfiguration section */

/* Begin XCConfigurationList section */
		91674CF124B870D6005490CB /* Build configuration list for PBXProject "CoordinatorPOC" */ = {
			isa = XCConfigurationList;
			buildConfigurations = (
				91674D0824B870D8005490CB /* Debug */,
				91674D0924B870D8005490CB /* Release */,
			);
			defaultConfigurationIsVisible = 0;
			defaultConfigurationName = Release;
		};
		91674D0A24B870D8005490CB /* Build configuration list for PBXNativeTarget "CoordinatorPOC" */ = {
			isa = XCConfigurationList;
			buildConfigurations = (
				91674D0B24B870D8005490CB /* Debug */,
				91674D0C24B870D8005490CB /* Release */,
			);
			defaultConfigurationIsVisible = 0;
			defaultConfigurationName = Release;
		};
/* End XCConfigurationList section */
	};
	rootObject = 91674CEE24B870D6005490CB /* Project object */;
}
